{
  "version": "v1",
  "packages": {
    "@web3Auth/base": {
      "signature": "f430976b0b464de389bd4ca8f83dc49c"
    },
    "@web3Auth/core": {
      "signature": "c2390223e9db29b5d77c9e7f7cd6edb6"
    },
    "@web3Auth/torus-wallet-adapter": {
      "signature": "1c90536bc1f389468455064f09d11e4c"
    },
    "@web3auth/torus-wallet-adapter": {
      "signature": "a449fa2c821d3a0b001fdd3f52e83748"
    },
    "@web3auth/core": {
      "signature": "5d676882cc248265779968bc6978c3b6"
    },
    "@web3auth/base": {
      "signature": "7b1b2ec8254d034ec75e0b618c71e07e"
    },
    "@web3auth/solana-wallet-adapter": {
      "signature": "112bd222a7b025eef3b0e18704f821c8"
    },
    "@web3auth/openlogin-adapter": {
      "signature": "d5e0f93f2bc12490cc69b17cfb7625ff"
    },
    "@web3auth/ethereum-provider": {
      "signature": "07ecdbf6c1a1cf9ca46086c9f0f6050a"
    },
    "@web3auth/solana-provider": {
      "signature": "bab9303bac6fede10131fb5e9120d9f3"
    },
    "@web3auth/metamask-wallet-adapter": {
      "signature": "fb6d8ade3937509119fbeee8e110ac5c"
    },
    "@web3auth/phantom-wallet-adapter": {
      "signature": "b7fcab8de66429482d71f21a7258d7de"
    },
    "@web3auth/ui": {
      "signature": "50adad1e3fadeb2a80f5d60324627a02"
    }
  }
}