{
  "version": "v1",
  "packages": {
    "@web3Auth/base": {
      "signature": "f430976b0b464de389bd4ca8f83dc49c"
    },
    "@web3Auth/core": {
      "signature": "c2390223e9db29b5d77c9e7f7cd6edb6"
    },
    "@web3Auth/torus-wallet-adapter": {
      "signature": "1c90536bc1f389468455064f09d11e4c"
    },
    "@web3auth/torus-wallet-adapter": {
      "signature": "40fc15168b1c1bff225e6b90d3d7fdad"
    },
    "@web3auth/core": {
      "signature": "6c7f4f7eff04adf3f4b709503603d81a"
    },
    "@web3auth/base": {
      "signature": "e5d7cd764718a18387ec81466a4d487e"
    },
    "@web3auth/solana-wallet-adapter": {
      "signature": "a26f57b1956eac6c81cbd1f19ad08684"
    },
    "@web3auth/openlogin-adapter": {
      "signature": "5b42ec968d9ff8534fcbadb5c3b91dee"
    },
    "@web3auth/ethereum-provider": {
      "signature": "3a349a015078c6f360a84a1b8780361b"
    },
    "@web3auth/solana-provider": {
      "signature": "00b928c8e83f7fa703f8fa17dfb9447a"
    }
  }
}