{
  "version": "v1",
  "packages": {
    "@web3Auth/base": {
      "signature": "f430976b0b464de389bd4ca8f83dc49c"
    },
    "@web3Auth/core": {
      "signature": "c2390223e9db29b5d77c9e7f7cd6edb6"
    },
    "@web3Auth/torus-wallet-adapter": {
      "signature": "1c90536bc1f389468455064f09d11e4c"
    },
    "@web3auth/torus-wallet-adapter": {
      "signature": "151b1d719487d9dff3ccef394b42f780"
    },
    "@web3auth/core": {
      "signature": "d70d58e68b78125b50bf7b0204646f2e"
    },
    "@web3auth/base": {
      "signature": "50e67537594decd59c4c7cc53c84410d"
    },
    "@web3auth/solana-wallet-adapter": {
      "signature": "ec07b4d413c6c45baeb01bf74996159d"
    },
    "@web3auth/openlogin-adapter": {
      "signature": "a91c33eefe175a19f91532b9baee9478"
    },
    "@web3auth/ethereum-provider": {
      "signature": "c55e31058238eac43bff88b8aadae158"
    },
    "@web3auth/solana-provider": {
      "signature": "1730d225ad54b2ed0191242083733996"
    },
    "@web3auth/metamask-wallet-adapter": {
      "signature": "9558802c38c09760ed4e832cfe04b921"
    },
    "@web3auth/phantom-wallet-adapter": {
      "signature": "a4a0154e9bcabac6aa8c9c30cf2eef6f"
    },
    "@web3auth/ui": {
      "signature": "cfeea657ffa4ccafa3ee2181387a3016"
    }
  }
}